// !$*UTF8*$!
{
	archiveVersion = 1;
	classes = {
	};
	objectVersion = 50;
	objects = {

/* Begin PBXBuildFile section */
		1980F3B32714EBDF0015989E /* AppDelegate.swift in Sources */ = {isa = PBXBuildFile; fileRef = 1980F3B22714EBDF0015989E /* AppDelegate.swift */; };
		1980F3B52714EBDF0015989E /* SceneDelegate.swift in Sources */ = {isa = PBXBuildFile; fileRef = 1980F3B42714EBDF0015989E /* SceneDelegate.swift */; };
		1980F3B72714EBDF0015989E /* ViewController.swift in Sources */ = {isa = PBXBuildFile; fileRef = 1980F3B62714EBDF0015989E /* ViewController.swift */; };
		1980F3BA2714EBDF0015989E /* Main.storyboard in Resources */ = {isa = PBXBuildFile; fileRef = 1980F3B82714EBDF0015989E /* Main.storyboard */; };
		1980F3BC2714EBF10015989E /* Assets.xcassets in Resources */ = {isa = PBXBuildFile; fileRef = 1980F3BB2714EBF10015989E /* Assets.xcassets */; };
		1980F3BF2714EBF10015989E /* LaunchScreen.storyboard in Resources */ = {isa = PBXBuildFile; fileRef = 1980F3BD2714EBF10015989E /* LaunchScreen.storyboard */; };
/* End PBXBuildFile section */

/* Begin PBXFileReference section */
		1980F3AF2714EBDF0015989E /* MyLoaderView.app */ = {isa = PBXFileReference; explicitFileType = wrapper.application; includeInIndex = 0; path = MyLoaderView.app; sourceTree = BUILT_PRODUCTS_DIR; };
		1980F3B22714EBDF0015989E /* AppDelegate.swift */ = {isa = PBXFileReference; lastKnownFileType = sourcecode.swift; path = AppDelegate.swift; sourceTree = "<group>"; };
		1980F3B42714EBDF0015989E /* SceneDelegate.swift */ = {isa = PBXFileReference; lastKnownFileType = sourcecode.swift; path = SceneDelegate.swift; sourceTree = "<group>"; };
		1980F3B62714EBDF0015989E /* ViewController.swift */ = {isa = PBXFileReference; lastKnownFileType = sourcecode.swift; path = ViewController.swift; sourceTree = "<group>"; };
		1980F3B92714EBDF0015989E /* Base */ = {isa = PBXFileReference; lastKnownFileType = file.storyboard; name = Base; path = Base.lproj/Main.storyboard; sourceTree = "<group>"; };
		1980F3BB2714EBF10015989E /* Assets.xcassets */ = {isa = PBXFileReference; lastKnownFileType = folder.assetcatalog; path = Assets.xcassets; sourceTree = "<group>"; };
		1980F3BE2714EBF10015989E /* Base */ = {isa = PBXFileReference; lastKnownFileType = file.storyboard; name = Base; path = Base.lproj/LaunchScreen.storyboard; sourceTree = "<group>"; };
		1980F3C02714EBF10015989E /* Info.plist */ = {isa = PBXFileReference; lastKnownFileType = text.plist.xml; path = Info.plist; sourceTree = "<group>"; };
/* End PBXFileReference section */

/* Begin PBXFrameworksBuildPhase section */
		1980F3AC2714EBDF0015989E /* Frameworks */ = {
			isa = PBXFrameworksBuildPhase;
			buildActionMask = 2147483647;
			files = (
			);
			runOnlyForDeploymentPostprocessing = 0;
		};
/* End PBXFrameworksBuildPhase section */

/* Begin PBXGroup section */
		1980F3A62714EBDF0015989E = {
			isa = PBXGroup;
			children = (
				1980F3B12714EBDF0015989E /* MyLoaderView */,
				1980F3B02714EBDF0015989E /* Products */,
			);
			sourceTree = "<group>";
		};
		1980F3B02714EBDF0015989E /* Products */ = {
			isa = PBXGroup;
			children = (
				1980F3AF2714EBDF0015989E /* MyLoaderView.app */,
			);
			name = Products;
			sourceTree = "<group>";
		};
		1980F3B12714EBDF0015989E /* MyLoaderView */ = {
			isa = PBXGroup;
			children = (
				1980F3B22714EBDF0015989E /* AppDelegate.swift */,
				1980F3B42714EBDF0015989E /* SceneDelegate.swift */,
				1980F3B62714EBDF0015989E /* ViewController.swift */,
				1980F3B82714EBDF0015989E /* Main.storyboard */,
				1980F3BB2714EBF10015989E /* Assets.xcassets */,
				1980F3BD2714EBF10015989E /* LaunchScreen.storyboard */,
				1980F3C02714EBF10015989E /* Info.plist */,
			);
			path = MyLoaderView;
			sourceTree = "<group>";
		};
/* End PBXGroup section */

/* Begin PBXNativeTarget section */
		1980F3AE2714EBDF0015989E /* MyLoaderView */ = {
			isa = PBXNativeTarget;
			buildConfigurationList = 1980F3C32714EBF10015989E /* Build configuration list for PBXNativeTarget "MyLoaderView" */;
			buildPhases = (
				1980F3AB2714EBDF0015989E /* Sources */,
				1980F3AC2714EBDF0015989E /* Frameworks */,
				1980F3AD2714EBDF0015989E /* Resources */,
			);
			buildRules = (
			);
			dependencies = (
			);
			name = MyLoaderView;
			productName = MyLoaderView;
			productReference = 1980F3AF2714EBDF0015989E /* MyLoaderView.app */;
			productType = "com.apple.product-type.application";
		};
/* End PBXNativeTarget section */

/* Begin PBXProject section */
		1980F3A72714EBDF0015989E /* Project object */ = {
			isa = PBXProject;
			attributes = {
				LastSwiftUpdateCheck = 1240;
				LastUpgradeCheck = 1240;
				TargetAttributes = {
					1980F3AE2714EBDF0015989E = {
						CreatedOnToolsVersion = 12.4;
					};
				};
			};
			buildConfigurationList = 1980F3AA2714EBDF0015989E /* Build configuration list for PBXProject "MyLoaderView" */;
			compatibilityVersion = "Xcode 9.3";
			developmentRegion = en;
			hasScannedForEncodings = 0;
			knownRegions = (
				en,
				Base,
			);
			mainGroup = 1980F3A62714EBDF0015989E;
			productRefGroup = 1980F3B02714EBDF0015989E /* Products */;
			projectDirPath = "";
			projectRoot = "";
			targets = (
				1980F3AE2714EBDF0015989E /* MyLoaderView */,
			);
		};
/* End PBXProject section */

/* Begin PBXResourcesBuildPhase section */
		1980F3AD2714EBDF0015989E /* Resources */ = {
			isa = PBXResourcesBuildPhase;
			buildActionMask = 2147483647;
			files = (
				1980F3BF2714EBF10015989E /* LaunchScreen.storyboard in Resources */,
				1980F3BC2714EBF10015989E /* Assets.xcassets in Resources */,
				1980F3BA2714EBDF0015989E /* Main.storyboard in Resources */,
			);
			runOnlyForDeploymentPostprocessing = 0;
		};
/* End PBXResourcesBuildPhase section */

/* Begin PBXSourcesBuildPhase section */
		1980F3AB2714EBDF0015989E /* Sources */ = {
			isa = PBXSourcesBuildPhase;
			buildActionMask = 2147483647;
			files = (
				1980F3B72714EBDF0015989E /* ViewController.swift in Sources */,
				1980F3B32714EBDF0015989E /* AppDelegate.swift in Sources */,
				1980F3B52714EBDF0015989E /* SceneDelegate.swift in Sources */,
			);
			runOnlyForDeploymentPostprocessing = 0;
		};
/* End PBXSourcesBuildPhase section */

/* Begin PBXVariantGroup section */
		1980F3B82714EBDF0015989E /* Main.storyboard */ = {
			isa = PBXVariantGroup;
			children = (
				1980F3B92714EBDF0015989E /* Base */,
			);
			name = Main.storyboard;
			sourceTree = "<group>";
		};
		1980F3BD2714EBF10015989E /* LaunchScreen.storyboard */ = {
			isa = PBXVariantGroup;
			children = (
				1980F3BE2714EBF10015989E /* Base */,
			);
			name = LaunchScreen.storyboard;
			sourceTree = "<group>";
		};
/* End PBXVariantGroup section */

/* Begin XCBuildConfiguration section */
		1980F3C12714EBF10015989E /* Debug */ = {
			isa = XCBuildConfiguration;
			buildSettings = {
				ALWAYS_SEARCH_USER_PATHS = NO;
				CLANG_ANALYZER_NONNULL = YES;
				CLANG_ANALYZER_NUMBER_OBJECT_CONVERSION = YES_AGGRESSIVE;
				CLANG_CXX_LANGUAGE_STANDARD = "gnu++14";
				CLANG_CXX_LIBRARY = "libc++";
				CLANG_ENABLE_MODULES = YES;
				CLANG_ENABLE_OBJC_ARC = YES;
				CLANG_ENABLE_OBJC_WEAK = YES;
				CLANG_WARN_BLOCK_CAPTURE_AUTORELEASING = YES;
				CLANG_WARN_BOOL_CONVERSION = YES;
				CLANG_WARN_COMMA = YES;
				CLANG_WARN_CONSTANT_CONVERSION = YES;
				CLANG_WARN_DEPRECATED_OBJC_IMPLEMENTATIONS = YES;
				CLANG_WARN_DIRECT_OBJC_ISA_USAGE = YES_ERROR;
				CLANG_WARN_DOCUMENTATION_COMMENTS = YES;
				CLANG_WARN_EMPTY_BODY = YES;
				CLANG_WARN_ENUM_CONVERSION = YES;
				CLANG_WARN_INFINITE_RECURSION = YES;
				CLANG_WARN_INT_CONVERSION = YES;
				CLANG_WARN_NON_LITERAL_NULL_CONVERSION = YES;
				CLANG_WARN_OBJC_IMPLICIT_RETAIN_SELF = YES;
				CLANG_WARN_OBJC_LITERAL_CONVERSION = YES;
				CLANG_WARN_OBJC_ROOT_CLASS = YES_ERROR;
				CLANG_WARN_QUOTED_INCLUDE_IN_FRAMEWORK_HEADER = YES;
				CLANG_WARN_RANGE_LOOP_ANALYSIS = YES;
				CLANG_WARN_STRICT_PROTOTYPES = YES;
				CLANG_WARN_SUSPICIOUS_MOVE = YES;
				CLANG_WARN_UNGUARDED_AVAILABILITY = YES_AGGRESSIVE;
				CLANG_WARN_UNREACHABLE_CODE = YES;
				CLANG_WARN__DUPLICATE_METHOD_MATCH = YES;
				COPY_PHASE_STRIP = NO;
				DEBUG_INFORMATION_FORMAT = dwarf;
				ENABLE_STRICT_OBJC_MSGSEND = YES;
				ENABLE_TESTABILITY = YES;
				GCC_C_LANGUAGE_STANDARD = gnu11;
				GCC_DYNAMIC_NO_PIC = NO;
				GCC_NO_COMMON_BLOCKS = YES;
				GCC_OPTIMIZATION_LEVEL = 0;
				GCC_PREPROCESSOR_DEFINITIONS = (
					"DEBUG=1",
					"$(inherited)",
				);
				GCC_WARN_64_TO_32_BIT_CONVERSION = YES;
				GCC_WARN_ABOUT_RETURN_TYPE = YES_ERROR;
				GCC_WARN_UNDECLARED_SELECTOR = YES;
				GCC_WARN_UNINITIALIZED_AUTOS = YES_AGGRESSIVE;
				GCC_WARN_UNUSED_FUNCTION = YES;
				GCC_WARN_UNUSED_VARIABLE = YES;
				IPHONEOS_DEPLOYMENT_TARGET = 14.4;
				MTL_ENABLE_DEBUG_INFO = INCLUDE_SOURCE;
				MTL_FAST_MATH = YES;
				ONLY_ACTIVE_ARCH = YES;
				SDKROOT = iphoneos;
				SWIFT_ACTIVE_COMPILATION_CONDITIONS = DEBUG;
				SWIFT_OPTIMIZATION_LEVEL = "-Onone";
			};
			name = Debug;
		};
		1980F3C22714EBF10015989E /* Release */ = {
			isa = XCBuildConfiguration;
			buildSettings = {
				ALWAYS_SEARCH_USER_PATHS = NO;
				CLANG_ANALYZER_NONNULL = YES;
				CLANG_ANALYZER_NUMBER_OBJECT_CONVERSION = YES_AGGRESSIVE;
				CLANG_CXX_LANGUAGE_STANDARD = "gnu++14";
				CLANG_CXX_LIBRARY = "libc++";
				CLANG_ENABLE_MODULES = YES;
				CLANG_ENABLE_OBJC_ARC = YES;
				CLANG_ENABLE_OBJC_WEAK = YES;
				CLANG_WARN_BLOCK_CAPTURE_AUTORELEASING = YES;
				CLANG_WARN_BOOL_CONVERSION = YES;
				CLANG_WARN_COMMA = YES;
				CLANG_WARN_CONSTANT_CONVERSION = YES;
				CLANG_WARN_DEPRECATED_OBJC_IMPLEMENTATIONS = YES;
				CLANG_WARN_DIRECT_OBJC_ISA_USAGE = YES_ERROR;
				CLANG_WARN_DOCUMENTATION_COMMENTS = YES;
				CLANG_WARN_EMPTY_BODY = YES;
				CLANG_WARN_ENUM_CONVERSION = YES;
				CLANG_WARN_INFINITE_RECURSION = YES;
				CLANG_WARN_INT_CONVERSION = YES;
				CLANG_WARN_NON_LITERAL_NULL_CONVERSION = YES;
				CLANG_WARN_OBJC_IMPLICIT_RETAIN_SELF = YES;
				CLANG_WARN_OBJC_LITERAL_CONVERSION = YES;
				CLANG_WARN_OBJC_ROOT_CLASS = YES_ERROR;
				CLANG_WARN_QUOTED_INCLUDE_IN_FRAMEWORK_HEADER = YES;
				CLANG_WARN_RANGE_LOOP_ANALYSIS = YES;
				CLANG_WARN_STRICT_PROTOTYPES = YES;
				CLANG_WARN_SUSPICIOUS_MOVE = YES;
				CLANG_WARN_UNGUARDED_AVAILABILITY = YES_AGGRESSIVE;
				CLANG_WARN_UNREACHABLE_CODE = YES;
				CLANG_WARN__DUPLICATE_METHOD_MATCH = YES;
				COPY_PHASE_STRIP = NO;
				DEBUG_INFORMATION_FORMAT = "dwarf-with-dsym";
				ENABLE_NS_ASSERTIONS = NO;
				ENABLE_STRICT_OBJC_MSGSEND = YES;
				GCC_C_LANGUAGE_STANDARD = gnu11;
				GCC_NO_COMMON_BLOCKS = YES;
				GCC_WARN_64_TO_32_BIT_CONVERSION = YES;
				GCC_WARN_ABOUT_RETURN_TYPE = YES_ERROR;
				GCC_WARN_UNDECLARED_SELECTOR = YES;
				GCC_WARN_UNINITIALIZED_AUTOS = YES_AGGRESSIVE;
				GCC_WARN_UNUSED_FUNCTION = YES;
				GCC_WARN_UNUSED_VARIABLE = YES;
				IPHONEOS_DEPLOYMENT_TARGET = 14.4;
				MTL_ENABLE_DEBUG_INFO = NO;
				MTL_FAST_MATH = YES;
				SDKROOT = iphoneos;
				SWIFT_COMPILATION_MODE = wholemodule;
				SWIFT_OPTIMIZATION_LEVEL = "-O";
				VALIDATE_PRODUCT = YES;
			};
			name = Release;
		};
		1980F3C42714EBF10015989E /* Debug */ = {
			isa = XCBuildConfiguration;
			buildSettings = {
				ASSETCATALOG_COMPILER_APPICON_NAME = AppIcon;
				ASSETCATALOG_COMPILER_GLOBAL_ACCENT_COLOR_NAME = AccentColor;
				CODE_SIGN_STYLE = Automatic;
				INFOPLIST_FILE = MyLoaderView/Info.plist;
				LD_RUNPATH_SEARCH_PATHS = (
					"$(inherited)",
					"@executable_path/Frameworks",
				);
				PRODUCT_BUNDLE_IDENTIFIER = com.MostafaAyman.MyLoaderView;
				PRODUCT_NAME = "$(TARGET_NAME)";
				SWIFT_VERSION = 5.0;
				TARGETED_DEVICE_FAMILY = "1,2";
			};
			name = Debug;
		};
		1980F3C52714EBF10015989E /* Release */ = {
			isa = XCBuildConfiguration;
			buildSettings = {
				ASSETCATALOG_COMPILER_APPICON_NAME = AppIcon;
				ASSETCATALOG_COMPILER_GLOBAL_ACCENT_COLOR_NAME = AccentColor;
				CODE_SIGN_STYLE = Automatic;
				INFOPLIST_FILE = MyLoaderView/Info.plist;
				LD_RUNPATH_SEARCH_PATHS = (
					"$(inherited)",
					"@executable_path/Frameworks",
				);
				PRODUCT_BUNDLE_IDENTIFIER = com.MostafaAyman.MyLoaderView;
				PRODUCT_NAME = "$(TARGET_NAME)";
				SWIFT_VERSION = 5.0;
				TARGETED_DEVICE_FAMILY = "1,2";
			};
			name = Release;
		};
/* End XCBuildConfiguration section */

/* Begin XCConfigurationList section */
		1980F3AA2714EBDF0015989E /* Build configuration list for PBXProject "MyLoaderView" */ = {
			isa = XCConfigurationList;
			buildConfigurations = (
				1980F3C12714EBF10015989E /* Debug */,
				1980F3C22714EBF10015989E /* Release */,
			);
			defaultConfigurationIsVisible = 0;
			defaultConfigurationName = Release;
		};
		1980F3C32714EBF10015989E /* Build configuration list for PBXNativeTarget "MyLoaderView" */ = {
			isa = XCConfigurationList;
			buildConfigurations = (
				1980F3C42714EBF10015989E /* Debug */,
				1980F3C52714EBF10015989E /* Release */,
			);
			defaultConfigurationIsVisible = 0;
			defaultConfigurationName = Release;
		};
/* End XCConfigurationList section */
	};
	rootObject = 1980F3A72714EBDF0015989E /* Project object */;
}
